
Microsoft Visual Studio Solution File, Format Version 12.00
# Visual Studio Version 16
VisualStudioVersion = 16.0.30804.86
MinimumVisualStudioVersion = 10.0.40219.1
Project("{9A19103F-16F7-4668-BE54-9A1E7A4F7556}") = "KampIntro", "KampIntro\KampIntro.csproj", "{7F1F4B46-6DEE-4D0B-8794-CDC3383C875E}"
EndProject
Project("{9A19103F-16F7-4668-BE54-9A1E7A4F7556}") = "Donguler", "Donguler\Donguler.csproj", "{ECC0D6E7-197B-485A-84E5-585B136D13FB}"
EndProject
Project("{9A19103F-16F7-4668-BE54-9A1E7A4F7556}") = "ClassIntro", "ClassIntro\ClassIntro.csproj", "{048A2D63-5538-45E8-B572-FE98AE0F4E6B}"
EndProject
Project("{FAE04EC0-301F-11D3-BF4B-00C04F79EFBC}") = "Metotlar", "Metotlar\Metotlar.csproj", "{BDD77FE4-A626-426B-AD56-50726959E398}"
EndProject
Project("{FAE04EC0-301F-11D3-BF4B-00C04F79EFBC}") = "Matematik", "Matematik\Matematik.csproj", "{4FE94904-69AE-48DE-B8E2-24EC3F2CA982}"
EndProject
Global
	GlobalSection(SolutionConfigurationPlatforms) = preSolution
		Debug|Any CPU = Debug|Any CPU
		Release|Any CPU = Release|Any CPU
	EndGlobalSection
	GlobalSection(ProjectConfigurationPlatforms) = postSolution
		{7F1F4B46-6DEE-4D0B-8794-CDC3383C875E}.Debug|Any CPU.ActiveCfg = Debug|Any CPU
		{7F1F4B46-6DEE-4D0B-8794-CDC3383C875E}.Debug|Any CPU.Build.0 = Debug|Any CPU
		{7F1F4B46-6DEE-4D0B-8794-CDC3383C875E}.Release|Any CPU.ActiveCfg = Release|Any CPU
		{7F1F4B46-6DEE-4D0B-8794-CDC3383C875E}.Release|Any CPU.Build.0 = Release|Any CPU
		{ECC0D6E7-197B-485A-84E5-585B136D13FB}.Debug|Any CPU.ActiveCfg = Debug|Any CPU
		{ECC0D6E7-197B-485A-84E5-585B136D13FB}.Debug|Any CPU.Build.0 = Debug|Any CPU
		{ECC0D6E7-197B-485A-84E5-585B136D13FB}.Release|Any CPU.ActiveCfg = Release|Any CPU
		{ECC0D6E7-197B-485A-84E5-585B136D13FB}.Release|Any CPU.Build.0 = Release|Any CPU
		{048A2D63-5538-45E8-B572-FE98AE0F4E6B}.Debug|Any CPU.ActiveCfg = Debug|Any CPU
		{048A2D63-5538-45E8-B572-FE98AE0F4E6B}.Debug|Any CPU.Build.0 = Debug|Any CPU
		{048A2D63-5538-45E8-B572-FE98AE0F4E6B}.Release|Any CPU.ActiveCfg = Release|Any CPU
		{048A2D63-5538-45E8-B572-FE98AE0F4E6B}.Release|Any CPU.Build.0 = Release|Any CPU
		{BDD77FE4-A626-426B-AD56-50726959E398}.Debug|Any CPU.ActiveCfg = Debug|Any CPU
		{BDD77FE4-A626-426B-AD56-50726959E398}.Debug|Any CPU.Build.0 = Debug|Any CPU
		{BDD77FE4-A626-426B-AD56-50726959E398}.Release|Any CPU.ActiveCfg = Release|Any CPU
		{BDD77FE4-A626-426B-AD56-50726959E398}.Release|Any CPU.Build.0 = Release|Any CPU
		{4FE94904-69AE-48DE-B8E2-24EC3F2CA982}.Debug|Any CPU.ActiveCfg = Debug|Any CPU
		{4FE94904-69AE-48DE-B8E2-24EC3F2CA982}.Debug|Any CPU.Build.0 = Debug|Any CPU
		{4FE94904-69AE-48DE-B8E2-24EC3F2CA982}.Release|Any CPU.ActiveCfg = Release|Any CPU
		{4FE94904-69AE-48DE-B8E2-24EC3F2CA982}.Release|Any CPU.Build.0 = Release|Any CPU
	EndGlobalSection
	GlobalSection(SolutionProperties) = preSolution
		HideSolutionNode = FALSE
	EndGlobalSection
	GlobalSection(ExtensibilityGlobals) = postSolution
		SolutionGuid = {61EF2D22-F520-4CC1-9B30-22208193FAD2}
	EndGlobalSection
EndGlobal
